
Microsoft Visual Studio Solution File, Format Version 11.00
# Visual Studio 2010
Project("{FAE04EC0-301F-11D3-BF4B-00C04F79EFBC}") = "Assembly-CSharp", "Assembly-CSharp.csproj", "{9b8b75fe-e2b5-2739-6c5b-a4444363df76}"
EndProject
Project("{FAE04EC0-301F-11D3-BF4B-00C04F79EFBC}") = "CFXREditor", "CFXREditor.csproj", "{26c53caf-0ef4-e830-dc45-2e42d93f801b}"
EndProject
Project("{FAE04EC0-301F-11D3-BF4B-00C04F79EFBC}") = "UniRx", "UniRx.csproj", "{3fc3dd9e-139d-7b08-107c-84b4e54407bd}"
EndProject
Project("{FAE04EC0-301F-11D3-BF4B-00C04F79EFBC}") = "UniRx.Examples", "UniRx.Examples.csproj", "{b72b8a84-a220-1a33-2546-3c2ce8b385a3}"
EndProject
Project("{FAE04EC0-301F-11D3-BF4B-00C04F79EFBC}") = "Assembly-CSharp-firstpass", "Assembly-CSharp-firstpass.csproj", "{59851126-6bb9-075d-073f-33895d63d491}"
EndProject
Project("{FAE04EC0-301F-11D3-BF4B-00C04F79EFBC}") = "CFXRRuntime", "CFXRRuntime.csproj", "{7150e8a5-8377-7b1d-bfa4-675732822706}"
EndProject
Project("{FAE04EC0-301F-11D3-BF4B-00C04F79EFBC}") = "CFXRDemo", "CFXRDemo.csproj", "{0e8de9bb-8c07-5f72-8fe7-8113799316e6}"
EndProject
Project("{FAE04EC0-301F-11D3-BF4B-00C04F79EFBC}") = "KinoBloom.Runtime", "KinoBloom.Runtime.csproj", "{6a60883a-322c-c5f4-4a3e-f91457bd109a}"
EndProject
Project("{FAE04EC0-301F-11D3-BF4B-00C04F79EFBC}") = "ToonyColorsPro.Demo.Editor", "ToonyColorsPro.Demo.Editor.csproj", "{16fa930d-c6c8-991e-83b4-7a29dad2873c}"
EndProject
Project("{FAE04EC0-301F-11D3-BF4B-00C04F79EFBC}") = "CFXR.WelcomeScreen", "CFXR.WelcomeScreen.csproj", "{29cfaa4c-921b-2a16-03fd-28c6a9b90ed9}"
EndProject
Project("{FAE04EC0-301F-11D3-BF4B-00C04F79EFBC}") = "Assembly-CSharp-Editor", "Assembly-CSharp-Editor.csproj", "{33151294-0a2f-6412-bf3e-8aba45400efe}"
EndProject
Global
	GlobalSection(SolutionConfigurationPlatforms) = preSolution
		Debug|Any CPU = Debug|Any CPU
	EndGlobalSection
	GlobalSection(ProjectConfigurationPlatforms) = postSolution
		{9b8b75fe-e2b5-2739-6c5b-a4444363df76}.Debug|Any CPU.ActiveCfg = Debug|Any CPU
		{9b8b75fe-e2b5-2739-6c5b-a4444363df76}.Debug|Any CPU.Build.0 = Debug|Any CPU
		{26c53caf-0ef4-e830-dc45-2e42d93f801b}.Debug|Any CPU.ActiveCfg = Debug|Any CPU
		{26c53caf-0ef4-e830-dc45-2e42d93f801b}.Debug|Any CPU.Build.0 = Debug|Any CPU
		{3fc3dd9e-139d-7b08-107c-84b4e54407bd}.Debug|Any CPU.ActiveCfg = Debug|Any CPU
		{3fc3dd9e-139d-7b08-107c-84b4e54407bd}.Debug|Any CPU.Build.0 = Debug|Any CPU
		{b72b8a84-a220-1a33-2546-3c2ce8b385a3}.Debug|Any CPU.ActiveCfg = Debug|Any CPU
		{b72b8a84-a220-1a33-2546-3c2ce8b385a3}.Debug|Any CPU.Build.0 = Debug|Any CPU
		{59851126-6bb9-075d-073f-33895d63d491}.Debug|Any CPU.ActiveCfg = Debug|Any CPU
		{59851126-6bb9-075d-073f-33895d63d491}.Debug|Any CPU.Build.0 = Debug|Any CPU
		{7150e8a5-8377-7b1d-bfa4-675732822706}.Debug|Any CPU.ActiveCfg = Debug|Any CPU
		{7150e8a5-8377-7b1d-bfa4-675732822706}.Debug|Any CPU.Build.0 = Debug|Any CPU
		{0e8de9bb-8c07-5f72-8fe7-8113799316e6}.Debug|Any CPU.ActiveCfg = Debug|Any CPU
		{0e8de9bb-8c07-5f72-8fe7-8113799316e6}.Debug|Any CPU.Build.0 = Debug|Any CPU
		{6a60883a-322c-c5f4-4a3e-f91457bd109a}.Debug|Any CPU.ActiveCfg = Debug|Any CPU
		{6a60883a-322c-c5f4-4a3e-f91457bd109a}.Debug|Any CPU.Build.0 = Debug|Any CPU
		{16fa930d-c6c8-991e-83b4-7a29dad2873c}.Debug|Any CPU.ActiveCfg = Debug|Any CPU
		{16fa930d-c6c8-991e-83b4-7a29dad2873c}.Debug|Any CPU.Build.0 = Debug|Any CPU
		{29cfaa4c-921b-2a16-03fd-28c6a9b90ed9}.Debug|Any CPU.ActiveCfg = Debug|Any CPU
		{29cfaa4c-921b-2a16-03fd-28c6a9b90ed9}.Debug|Any CPU.Build.0 = Debug|Any CPU
		{33151294-0a2f-6412-bf3e-8aba45400efe}.Debug|Any CPU.ActiveCfg = Debug|Any CPU
		{33151294-0a2f-6412-bf3e-8aba45400efe}.Debug|Any CPU.Build.0 = Debug|Any CPU
	EndGlobalSection
	GlobalSection(SolutionProperties) = preSolution
		HideSolutionNode = FALSE
	EndGlobalSection
EndGlobal
