
Microsoft Visual Studio Solution File, Format Version 11.00
# Visual Studio 2010
Project("{FAE04EC0-301F-11D3-BF4B-00C04F79EFBC}") = "Unity.Timeline", "Unity.Timeline.csproj", "{97d24348-ca9d-ca79-caaf-af7ba7833617}"
EndProject
Project("{FAE04EC0-301F-11D3-BF4B-00C04F79EFBC}") = "Unity.PlasticSCM.Editor", "Unity.PlasticSCM.Editor.csproj", "{d7d036b3-6430-8588-e931-b7d1ed95a6bb}"
EndProject
Project("{FAE04EC0-301F-11D3-BF4B-00C04F79EFBC}") = "Assembly-CSharp", "Assembly-CSharp.csproj", "{aa8f4307-5a8d-0a21-9306-e0124ed33a34}"
EndProject
Project("{FAE04EC0-301F-11D3-BF4B-00C04F79EFBC}") = "Unity.2D.Aseprite.Editor", "Unity.2D.Aseprite.Editor.csproj", "{9e6445f6-2729-a932-48d4-0c84a3eba395}"
EndProject
Project("{FAE04EC0-301F-11D3-BF4B-00C04F79EFBC}") = "Unity.VisualScripting.Flow", "Unity.VisualScripting.Flow.csproj", "{26dad310-417c-221f-59da-ebb0d71dc22f}"
EndProject
Project("{FAE04EC0-301F-11D3-BF4B-00C04F79EFBC}") = "Unity.Timeline.Editor", "Unity.Timeline.Editor.csproj", "{53fc2f69-b512-fd8c-5a65-de22be408dcb}"
EndProject
Project("{FAE04EC0-301F-11D3-BF4B-00C04F79EFBC}") = "Unity.Mathematics", "Unity.Mathematics.csproj", "{651de6ba-0298-6126-6b24-9d2ed6e62a61}"
EndProject
Project("{FAE04EC0-301F-11D3-BF4B-00C04F79EFBC}") = "Unity.2D.Common.Path.Editor", "Unity.2D.Common.Path.Editor.csproj", "{66c63fdb-4a51-f94e-1b55-853f61407d1c}"
EndProject
Project("{FAE04EC0-301F-11D3-BF4B-00C04F79EFBC}") = "Unity.2D.Psdimporter.Editor", "Unity.2D.Psdimporter.Editor.csproj", "{140fd303-d57d-f3e2-b38b-6690c388bab3}"
EndProject
Project("{FAE04EC0-301F-11D3-BF4B-00C04F79EFBC}") = "Unity.VisualScripting.Core.Editor", "Unity.VisualScripting.Core.Editor.csproj", "{c76e9a14-46ff-56c3-e59c-10a0794361ff}"
EndProject
Project("{FAE04EC0-301F-11D3-BF4B-00C04F79EFBC}") = "Unity.2D.IK.Runtime", "Unity.2D.IK.Runtime.csproj", "{55b24652-b346-52b4-4b40-3f6240f1e154}"
EndProject
Project("{FAE04EC0-301F-11D3-BF4B-00C04F79EFBC}") = "UnityEditor.TestRunner", "UnityEditor.TestRunner.csproj", "{9bf2ac3a-d55c-fb9e-9f12-50526792a977}"
EndProject
Project("{FAE04EC0-301F-11D3-BF4B-00C04F79EFBC}") = "UniRx", "UniRx.csproj", "{9bea10ed-a175-69fd-30c0-d4ced40d573e}"
EndProject
Project("{FAE04EC0-301F-11D3-BF4B-00C04F79EFBC}") = "Unity.TextMeshPro.Editor", "Unity.TextMeshPro.Editor.csproj", "{711bd45c-d116-abe0-a7f4-b8b124556adf}"
EndProject
Project("{FAE04EC0-301F-11D3-BF4B-00C04F79EFBC}") = "Unity.VisualScripting.Flow.Editor", "Unity.VisualScripting.Flow.Editor.csproj", "{48fc7906-8cb2-7001-056e-6f35c965fc77}"
EndProject
Project("{FAE04EC0-301F-11D3-BF4B-00C04F79EFBC}") = "UnityEngine.TestRunner", "UnityEngine.TestRunner.csproj", "{176250c4-f34b-ffd8-e9cd-23aadcb0344b}"
EndProject
Project("{FAE04EC0-301F-11D3-BF4B-00C04F79EFBC}") = "Unity.VisualScripting.Core", "Unity.VisualScripting.Core.csproj", "{a2da9270-c271-2785-620d-818132fc8538}"
EndProject
Project("{FAE04EC0-301F-11D3-BF4B-00C04F79EFBC}") = "Unity.Searcher.Editor", "Unity.Searcher.Editor.csproj", "{f3939502-0057-0108-82b2-8a6e4b361ac6}"
EndProject
Project("{FAE04EC0-301F-11D3-BF4B-00C04F79EFBC}") = "Unity.Burst", "Unity.Burst.csproj", "{ed74d2d5-76b3-e10d-6f93-5023aab2b4fa}"
EndProject
Project("{FAE04EC0-301F-11D3-BF4B-00C04F79EFBC}") = "PsdPlugin", "PsdPlugin.csproj", "{f18760fb-7e07-8821-3bcb-0a23ca866db0}"
EndProject
Project("{FAE04EC0-301F-11D3-BF4B-00C04F79EFBC}") = "Unity.Collections", "Unity.Collections.csproj", "{9e00055e-8f4c-bcd2-0547-cd73cfa53cc3}"
EndProject
Project("{FAE04EC0-301F-11D3-BF4B-00C04F79EFBC}") = "Unity.2D.Animation.Editor", "Unity.2D.Animation.Editor.csproj", "{6d6b881d-54da-5943-55f6-5d1b0a8726c5}"
EndProject
Project("{FAE04EC0-301F-11D3-BF4B-00C04F79EFBC}") = "Unity.2D.SpriteShape.Editor", "Unity.2D.SpriteShape.Editor.csproj", "{e680a52c-ac2b-7f78-0b54-5163a4a57354}"
EndProject
Project("{FAE04EC0-301F-11D3-BF4B-00C04F79EFBC}") = "Unity.VisualStudio.Editor", "Unity.VisualStudio.Editor.csproj", "{c52f786d-3e4f-01f6-8d7b-dd4361cec18e}"
EndProject
Project("{FAE04EC0-301F-11D3-BF4B-00C04F79EFBC}") = "Unity.Rider.Editor", "Unity.Rider.Editor.csproj", "{014dad47-d6c6-0396-80f1-5fb907ecce28}"
EndProject
Project("{FAE04EC0-301F-11D3-BF4B-00C04F79EFBC}") = "Unity.InternalAPIEditorBridge.001", "Unity.InternalAPIEditorBridge.001.csproj", "{f67c5d1a-75d9-defb-d124-887bc65ea2a2}"
EndProject
Project("{FAE04EC0-301F-11D3-BF4B-00C04F79EFBC}") = "Unity.2D.SpriteShape.Runtime", "Unity.2D.SpriteShape.Runtime.csproj", "{ceea20a8-67f9-b612-b646-2a9ebf2bfef0}"
EndProject
Project("{FAE04EC0-301F-11D3-BF4B-00C04F79EFBC}") = "Unity.CollabProxy.Editor", "Unity.CollabProxy.Editor.csproj", "{bb21b6c8-5c58-3b1e-e6b0-c329a9c91b42}"
EndProject
Project("{FAE04EC0-301F-11D3-BF4B-00C04F79EFBC}") = "Unity.VisualScripting.State.Editor", "Unity.VisualScripting.State.Editor.csproj", "{6bd27f4e-178f-9787-b2c9-52a103dcd032}"
EndProject
Project("{FAE04EC0-301F-11D3-BF4B-00C04F79EFBC}") = "Unity.Burst.CodeGen", "Unity.Burst.CodeGen.csproj", "{1cbae743-c3ad-1003-b17b-3e8bc6459a10}"
EndProject
Project("{FAE04EC0-301F-11D3-BF4B-00C04F79EFBC}") = "Unity.VisualScripting.State", "Unity.VisualScripting.State.csproj", "{7874ba26-3979-af0b-9129-67888bb366fe}"
EndProject
Project("{FAE04EC0-301F-11D3-BF4B-00C04F79EFBC}") = "Unity.TextMeshPro", "Unity.TextMeshPro.csproj", "{c9337143-76ed-9a9a-aca6-660388383669}"
EndProject
Project("{FAE04EC0-301F-11D3-BF4B-00C04F79EFBC}") = "Unity.2D.Tilemap.Extras.Editor", "Unity.2D.Tilemap.Extras.Editor.csproj", "{1a62eafe-7715-597f-ab3e-35f7bdf23d14}"
EndProject
Project("{FAE04EC0-301F-11D3-BF4B-00C04F79EFBC}") = "Unity.2D.Animation.Runtime", "Unity.2D.Animation.Runtime.csproj", "{76e92ce8-b305-cecc-56df-6c1e2f49f0ce}"
EndProject
Project("{FAE04EC0-301F-11D3-BF4B-00C04F79EFBC}") = "Unity.VisualScripting.SettingsProvider.Editor", "Unity.VisualScripting.SettingsProvider.Editor.csproj", "{f3517ff4-e88d-4c5d-bc93-010ffa9417d3}"
EndProject
Project("{FAE04EC0-301F-11D3-BF4B-00C04F79EFBC}") = "Unity.2D.IK.Editor", "Unity.2D.IK.Editor.csproj", "{0ea6342f-aeb2-bbbc-5db8-51855d191c5e}"
EndProject
Project("{FAE04EC0-301F-11D3-BF4B-00C04F79EFBC}") = "Unity.InternalAPIEngineBridge.001", "Unity.InternalAPIEngineBridge.001.csproj", "{0a83243c-d5a9-ef09-b6d7-f01d6aedc161}"
EndProject
Project("{FAE04EC0-301F-11D3-BF4B-00C04F79EFBC}") = "Unity.2D.Aseprite.Common", "Unity.2D.Aseprite.Common.csproj", "{912fc49c-d04a-56db-c9fd-17dd9779fe70}"
EndProject
Project("{FAE04EC0-301F-11D3-BF4B-00C04F79EFBC}") = "Unity.Burst.Editor", "Unity.Burst.Editor.csproj", "{23eb6cec-b7ca-84f9-0cce-3bd64dbda664}"
EndProject
Project("{FAE04EC0-301F-11D3-BF4B-00C04F79EFBC}") = "Unity.2D.Common.Editor", "Unity.2D.Common.Editor.csproj", "{3d35872b-375c-ac4f-2de5-fd4900da2a1b}"
EndProject
Project("{FAE04EC0-301F-11D3-BF4B-00C04F79EFBC}") = "UniRx.Examples", "UniRx.Examples.csproj", "{4b27e3f5-f6e4-ae6f-9967-ab6e154ed8ff}"
EndProject
Project("{FAE04EC0-301F-11D3-BF4B-00C04F79EFBC}") = "Assembly-CSharp-firstpass", "Assembly-CSharp-firstpass.csproj", "{323912f6-9a4d-3751-4de5-3888f05649a0}"
EndProject
Project("{FAE04EC0-301F-11D3-BF4B-00C04F79EFBC}") = "Unity.2D.PixelPerfect", "Unity.2D.PixelPerfect.csproj", "{efdc20d8-c2e1-9fd9-2994-24d89749efd6}"
EndProject
Project("{FAE04EC0-301F-11D3-BF4B-00C04F79EFBC}") = "Unity.2D.PixelPerfect.Editor", "Unity.2D.PixelPerfect.Editor.csproj", "{abe0de51-bc05-7090-25b5-4a9a9640a37e}"
EndProject
Project("{FAE04EC0-301F-11D3-BF4B-00C04F79EFBC}") = "Unity.2D.Common.Runtime", "Unity.2D.Common.Runtime.csproj", "{6d865057-2668-a29e-0bd4-9aaecb78d8ed}"
EndProject
Project("{FAE04EC0-301F-11D3-BF4B-00C04F79EFBC}") = "Unity.Mathematics.Editor", "Unity.Mathematics.Editor.csproj", "{aa17bf9e-c847-9728-e0ee-5fa5474b547e}"
EndProject
Project("{FAE04EC0-301F-11D3-BF4B-00C04F79EFBC}") = "Unity.2D.Tilemap.Extras", "Unity.2D.Tilemap.Extras.csproj", "{06d1e290-96aa-6186-d576-76e6b817fbe1}"
EndProject
Project("{FAE04EC0-301F-11D3-BF4B-00C04F79EFBC}") = "Unity.InternalAPIEditorBridge.005", "Unity.InternalAPIEditorBridge.005.csproj", "{fad77ebd-c8b7-1b2a-33ed-6d4dd02e5d0d}"
EndProject
Project("{FAE04EC0-301F-11D3-BF4B-00C04F79EFBC}") = "Unity.VisualScripting.Shared.Editor", "Unity.VisualScripting.Shared.Editor.csproj", "{2ef9f41f-bfa6-dec4-26e7-e0a260ebff03}"
EndProject
Project("{FAE04EC0-301F-11D3-BF4B-00C04F79EFBC}") = "Unity.Collections.DocCodeSamples", "Unity.Collections.DocCodeSamples.csproj", "{67ea8cac-77db-1252-78b8-8f2e1302b169}"
EndProject
Project("{FAE04EC0-301F-11D3-BF4B-00C04F79EFBC}") = "Unity.Collections.BurstCompatibilityGen", "Unity.Collections.BurstCompatibilityGen.csproj", "{9b6c498e-28d7-89ab-91b9-afbac24b505c}"
EndProject
Project("{FAE04EC0-301F-11D3-BF4B-00C04F79EFBC}") = "Assembly-CSharp-Editor", "Assembly-CSharp-Editor.csproj", "{9e22bf17-f9fc-2958-4a5a-a9b1b203eddc}"
EndProject
Project("{FAE04EC0-301F-11D3-BF4B-00C04F79EFBC}") = "Unity.Mathematics.Tests", "Unity.Mathematics.Tests.csproj", "{5ecb8cad-b8fb-7b63-043a-a4a15956095b}"
EndProject
Project("{FAE04EC0-301F-11D3-BF4B-00C04F79EFBC}") = "Unity.2D.Aseprite.EditorTests", "Unity.2D.Aseprite.EditorTests.csproj", "{151584c8-9055-c278-a702-73cbc1b66794}"
EndProject
Project("{FAE04EC0-301F-11D3-BF4B-00C04F79EFBC}") = "Unity.Burst.Tests.UnitTests", "Unity.Burst.Tests.UnitTests.csproj", "{002b104d-0b38-57f3-c09f-d522d2cb0252}"
EndProject
Project("{FAE04EC0-301F-11D3-BF4B-00C04F79EFBC}") = "Unity.2D.PixelPerfect.EditorTests", "Unity.2D.PixelPerfect.EditorTests.csproj", "{4ffc8494-96dd-85b0-a456-2bb4df4be402}"
EndProject
Project("{FAE04EC0-301F-11D3-BF4B-00C04F79EFBC}") = "Unity.2D.SpriteShape.EditorTests", "Unity.2D.SpriteShape.EditorTests.csproj", "{e40261b5-437f-3f77-b349-2c75ad6fccfc}"
EndProject
Project("{FAE04EC0-301F-11D3-BF4B-00C04F79EFBC}") = "Unity.2D.Common.EditorTests", "Unity.2D.Common.EditorTests.csproj", "{67e305c9-d004-caa7-4197-2a3786c7f827}"
EndProject
Project("{FAE04EC0-301F-11D3-BF4B-00C04F79EFBC}") = "Unity.Searcher.EditorTests", "Unity.Searcher.EditorTests.csproj", "{57b0f7ba-45c0-c24d-102e-e808285c51a1}"
EndProject
Project("{FAE04EC0-301F-11D3-BF4B-00C04F79EFBC}") = "Unity.Burst.Editor.Tests", "Unity.Burst.Editor.Tests.csproj", "{ebdd499b-8157-21cf-46dc-e9ea4468a7a2}"
EndProject
Project("{FAE04EC0-301F-11D3-BF4B-00C04F79EFBC}") = "Unity.TextMeshPro.Editor.Tests", "Unity.TextMeshPro.Editor.Tests.csproj", "{cf3bb74f-ee79-a022-8550-8aa9561421bc}"
EndProject
Project("{FAE04EC0-301F-11D3-BF4B-00C04F79EFBC}") = "DocCodeExamples", "DocCodeExamples.csproj", "{e7ac3c3e-5bc9-6712-dab8-75146be38b8a}"
EndProject
Project("{FAE04EC0-301F-11D3-BF4B-00C04F79EFBC}") = "Unity.Collections.Tests", "Unity.Collections.Tests.csproj", "{7b0284d2-c763-0279-4dfc-94521b4da4c4}"
EndProject
Project("{FAE04EC0-301F-11D3-BF4B-00C04F79EFBC}") = "Unity.2D.Psdimporter.EditorTests", "Unity.2D.Psdimporter.EditorTests.csproj", "{febc9e99-5504-f68a-189f-921b1ea52e97}"
EndProject
Project("{FAE04EC0-301F-11D3-BF4B-00C04F79EFBC}") = "Unity.Collections.Tests.Playmode", "Unity.Collections.Tests.Playmode.csproj", "{986fe754-0023-5365-8229-fc2538c9d783}"
EndProject
Project("{FAE04EC0-301F-11D3-BF4B-00C04F79EFBC}") = "Unity.2D.Animation.EditorTests", "Unity.2D.Animation.EditorTests.csproj", "{dd3c3d5e-862e-0f8d-21d5-ca7185685a5c}"
EndProject
Project("{FAE04EC0-301F-11D3-BF4B-00C04F79EFBC}") = "Unity.TextMeshPro.Tests", "Unity.TextMeshPro.Tests.csproj", "{e6181371-7b6b-f707-9cfd-672df1d72ef9}"
EndProject
Project("{FAE04EC0-301F-11D3-BF4B-00C04F79EFBC}") = "SeparateAssembly", "SeparateAssembly.csproj", "{82bbcade-aac9-d43f-f16e-c092f2f5ab72}"
EndProject
Project("{FAE04EC0-301F-11D3-BF4B-00C04F79EFBC}") = "Unity.2D.Tilemap.Extras.Placeholder.EditorTests", "Unity.2D.Tilemap.Extras.Placeholder.EditorTests.csproj", "{358abdf2-eecf-e3ae-c53c-2f5a0c22aa85}"
EndProject
Project("{FAE04EC0-301F-11D3-BF4B-00C04F79EFBC}") = "OverloadedFunctionPointers", "OverloadedFunctionPointers.csproj", "{86acab96-b172-2e7f-4c81-a03a20da9148}"
EndProject
Global
	GlobalSection(SolutionConfigurationPlatforms) = preSolution
		Debug|Any CPU = Debug|Any CPU
	EndGlobalSection
	GlobalSection(ProjectConfigurationPlatforms) = postSolution
		{97d24348-ca9d-ca79-caaf-af7ba7833617}.Debug|Any CPU.ActiveCfg = Debug|Any CPU
		{97d24348-ca9d-ca79-caaf-af7ba7833617}.Debug|Any CPU.Build.0 = Debug|Any CPU
		{d7d036b3-6430-8588-e931-b7d1ed95a6bb}.Debug|Any CPU.ActiveCfg = Debug|Any CPU
		{d7d036b3-6430-8588-e931-b7d1ed95a6bb}.Debug|Any CPU.Build.0 = Debug|Any CPU
		{aa8f4307-5a8d-0a21-9306-e0124ed33a34}.Debug|Any CPU.ActiveCfg = Debug|Any CPU
		{aa8f4307-5a8d-0a21-9306-e0124ed33a34}.Debug|Any CPU.Build.0 = Debug|Any CPU
		{9e6445f6-2729-a932-48d4-0c84a3eba395}.Debug|Any CPU.ActiveCfg = Debug|Any CPU
		{9e6445f6-2729-a932-48d4-0c84a3eba395}.Debug|Any CPU.Build.0 = Debug|Any CPU
		{26dad310-417c-221f-59da-ebb0d71dc22f}.Debug|Any CPU.ActiveCfg = Debug|Any CPU
		{26dad310-417c-221f-59da-ebb0d71dc22f}.Debug|Any CPU.Build.0 = Debug|Any CPU
		{53fc2f69-b512-fd8c-5a65-de22be408dcb}.Debug|Any CPU.ActiveCfg = Debug|Any CPU
		{53fc2f69-b512-fd8c-5a65-de22be408dcb}.Debug|Any CPU.Build.0 = Debug|Any CPU
		{651de6ba-0298-6126-6b24-9d2ed6e62a61}.Debug|Any CPU.ActiveCfg = Debug|Any CPU
		{651de6ba-0298-6126-6b24-9d2ed6e62a61}.Debug|Any CPU.Build.0 = Debug|Any CPU
		{66c63fdb-4a51-f94e-1b55-853f61407d1c}.Debug|Any CPU.ActiveCfg = Debug|Any CPU
		{66c63fdb-4a51-f94e-1b55-853f61407d1c}.Debug|Any CPU.Build.0 = Debug|Any CPU
		{140fd303-d57d-f3e2-b38b-6690c388bab3}.Debug|Any CPU.ActiveCfg = Debug|Any CPU
		{140fd303-d57d-f3e2-b38b-6690c388bab3}.Debug|Any CPU.Build.0 = Debug|Any CPU
		{c76e9a14-46ff-56c3-e59c-10a0794361ff}.Debug|Any CPU.ActiveCfg = Debug|Any CPU
		{c76e9a14-46ff-56c3-e59c-10a0794361ff}.Debug|Any CPU.Build.0 = Debug|Any CPU
		{55b24652-b346-52b4-4b40-3f6240f1e154}.Debug|Any CPU.ActiveCfg = Debug|Any CPU
		{55b24652-b346-52b4-4b40-3f6240f1e154}.Debug|Any CPU.Build.0 = Debug|Any CPU
		{9bf2ac3a-d55c-fb9e-9f12-50526792a977}.Debug|Any CPU.ActiveCfg = Debug|Any CPU
		{9bf2ac3a-d55c-fb9e-9f12-50526792a977}.Debug|Any CPU.Build.0 = Debug|Any CPU
		{9bea10ed-a175-69fd-30c0-d4ced40d573e}.Debug|Any CPU.ActiveCfg = Debug|Any CPU
		{9bea10ed-a175-69fd-30c0-d4ced40d573e}.Debug|Any CPU.Build.0 = Debug|Any CPU
		{711bd45c-d116-abe0-a7f4-b8b124556adf}.Debug|Any CPU.ActiveCfg = Debug|Any CPU
		{711bd45c-d116-abe0-a7f4-b8b124556adf}.Debug|Any CPU.Build.0 = Debug|Any CPU
		{48fc7906-8cb2-7001-056e-6f35c965fc77}.Debug|Any CPU.ActiveCfg = Debug|Any CPU
		{48fc7906-8cb2-7001-056e-6f35c965fc77}.Debug|Any CPU.Build.0 = Debug|Any CPU
		{176250c4-f34b-ffd8-e9cd-23aadcb0344b}.Debug|Any CPU.ActiveCfg = Debug|Any CPU
		{176250c4-f34b-ffd8-e9cd-23aadcb0344b}.Debug|Any CPU.Build.0 = Debug|Any CPU
		{a2da9270-c271-2785-620d-818132fc8538}.Debug|Any CPU.ActiveCfg = Debug|Any CPU
		{a2da9270-c271-2785-620d-818132fc8538}.Debug|Any CPU.Build.0 = Debug|Any CPU
		{f3939502-0057-0108-82b2-8a6e4b361ac6}.Debug|Any CPU.ActiveCfg = Debug|Any CPU
		{f3939502-0057-0108-82b2-8a6e4b361ac6}.Debug|Any CPU.Build.0 = Debug|Any CPU
		{ed74d2d5-76b3-e10d-6f93-5023aab2b4fa}.Debug|Any CPU.ActiveCfg = Debug|Any CPU
		{ed74d2d5-76b3-e10d-6f93-5023aab2b4fa}.Debug|Any CPU.Build.0 = Debug|Any CPU
		{f18760fb-7e07-8821-3bcb-0a23ca866db0}.Debug|Any CPU.ActiveCfg = Debug|Any CPU
		{f18760fb-7e07-8821-3bcb-0a23ca866db0}.Debug|Any CPU.Build.0 = Debug|Any CPU
		{9e00055e-8f4c-bcd2-0547-cd73cfa53cc3}.Debug|Any CPU.ActiveCfg = Debug|Any CPU
		{9e00055e-8f4c-bcd2-0547-cd73cfa53cc3}.Debug|Any CPU.Build.0 = Debug|Any CPU
		{6d6b881d-54da-5943-55f6-5d1b0a8726c5}.Debug|Any CPU.ActiveCfg = Debug|Any CPU
		{6d6b881d-54da-5943-55f6-5d1b0a8726c5}.Debug|Any CPU.Build.0 = Debug|Any CPU
		{e680a52c-ac2b-7f78-0b54-5163a4a57354}.Debug|Any CPU.ActiveCfg = Debug|Any CPU
		{e680a52c-ac2b-7f78-0b54-5163a4a57354}.Debug|Any CPU.Build.0 = Debug|Any CPU
		{c52f786d-3e4f-01f6-8d7b-dd4361cec18e}.Debug|Any CPU.ActiveCfg = Debug|Any CPU
		{c52f786d-3e4f-01f6-8d7b-dd4361cec18e}.Debug|Any CPU.Build.0 = Debug|Any CPU
		{014dad47-d6c6-0396-80f1-5fb907ecce28}.Debug|Any CPU.ActiveCfg = Debug|Any CPU
		{014dad47-d6c6-0396-80f1-5fb907ecce28}.Debug|Any CPU.Build.0 = Debug|Any CPU
		{f67c5d1a-75d9-defb-d124-887bc65ea2a2}.Debug|Any CPU.ActiveCfg = Debug|Any CPU
		{f67c5d1a-75d9-defb-d124-887bc65ea2a2}.Debug|Any CPU.Build.0 = Debug|Any CPU
		{ceea20a8-67f9-b612-b646-2a9ebf2bfef0}.Debug|Any CPU.ActiveCfg = Debug|Any CPU
		{ceea20a8-67f9-b612-b646-2a9ebf2bfef0}.Debug|Any CPU.Build.0 = Debug|Any CPU
		{bb21b6c8-5c58-3b1e-e6b0-c329a9c91b42}.Debug|Any CPU.ActiveCfg = Debug|Any CPU
		{bb21b6c8-5c58-3b1e-e6b0-c329a9c91b42}.Debug|Any CPU.Build.0 = Debug|Any CPU
		{6bd27f4e-178f-9787-b2c9-52a103dcd032}.Debug|Any CPU.ActiveCfg = Debug|Any CPU
		{6bd27f4e-178f-9787-b2c9-52a103dcd032}.Debug|Any CPU.Build.0 = Debug|Any CPU
		{1cbae743-c3ad-1003-b17b-3e8bc6459a10}.Debug|Any CPU.ActiveCfg = Debug|Any CPU
		{1cbae743-c3ad-1003-b17b-3e8bc6459a10}.Debug|Any CPU.Build.0 = Debug|Any CPU
		{7874ba26-3979-af0b-9129-67888bb366fe}.Debug|Any CPU.ActiveCfg = Debug|Any CPU
		{7874ba26-3979-af0b-9129-67888bb366fe}.Debug|Any CPU.Build.0 = Debug|Any CPU
		{c9337143-76ed-9a9a-aca6-660388383669}.Debug|Any CPU.ActiveCfg = Debug|Any CPU
		{c9337143-76ed-9a9a-aca6-660388383669}.Debug|Any CPU.Build.0 = Debug|Any CPU
		{1a62eafe-7715-597f-ab3e-35f7bdf23d14}.Debug|Any CPU.ActiveCfg = Debug|Any CPU
		{1a62eafe-7715-597f-ab3e-35f7bdf23d14}.Debug|Any CPU.Build.0 = Debug|Any CPU
		{76e92ce8-b305-cecc-56df-6c1e2f49f0ce}.Debug|Any CPU.ActiveCfg = Debug|Any CPU
		{76e92ce8-b305-cecc-56df-6c1e2f49f0ce}.Debug|Any CPU.Build.0 = Debug|Any CPU
		{f3517ff4-e88d-4c5d-bc93-010ffa9417d3}.Debug|Any CPU.ActiveCfg = Debug|Any CPU
		{f3517ff4-e88d-4c5d-bc93-010ffa9417d3}.Debug|Any CPU.Build.0 = Debug|Any CPU
		{0ea6342f-aeb2-bbbc-5db8-51855d191c5e}.Debug|Any CPU.ActiveCfg = Debug|Any CPU
		{0ea6342f-aeb2-bbbc-5db8-51855d191c5e}.Debug|Any CPU.Build.0 = Debug|Any CPU
		{0a83243c-d5a9-ef09-b6d7-f01d6aedc161}.Debug|Any CPU.ActiveCfg = Debug|Any CPU
		{0a83243c-d5a9-ef09-b6d7-f01d6aedc161}.Debug|Any CPU.Build.0 = Debug|Any CPU
		{912fc49c-d04a-56db-c9fd-17dd9779fe70}.Debug|Any CPU.ActiveCfg = Debug|Any CPU
		{912fc49c-d04a-56db-c9fd-17dd9779fe70}.Debug|Any CPU.Build.0 = Debug|Any CPU
		{23eb6cec-b7ca-84f9-0cce-3bd64dbda664}.Debug|Any CPU.ActiveCfg = Debug|Any CPU
		{23eb6cec-b7ca-84f9-0cce-3bd64dbda664}.Debug|Any CPU.Build.0 = Debug|Any CPU
		{3d35872b-375c-ac4f-2de5-fd4900da2a1b}.Debug|Any CPU.ActiveCfg = Debug|Any CPU
		{3d35872b-375c-ac4f-2de5-fd4900da2a1b}.Debug|Any CPU.Build.0 = Debug|Any CPU
		{4b27e3f5-f6e4-ae6f-9967-ab6e154ed8ff}.Debug|Any CPU.ActiveCfg = Debug|Any CPU
		{4b27e3f5-f6e4-ae6f-9967-ab6e154ed8ff}.Debug|Any CPU.Build.0 = Debug|Any CPU
		{323912f6-9a4d-3751-4de5-3888f05649a0}.Debug|Any CPU.ActiveCfg = Debug|Any CPU
		{323912f6-9a4d-3751-4de5-3888f05649a0}.Debug|Any CPU.Build.0 = Debug|Any CPU
		{efdc20d8-c2e1-9fd9-2994-24d89749efd6}.Debug|Any CPU.ActiveCfg = Debug|Any CPU
		{efdc20d8-c2e1-9fd9-2994-24d89749efd6}.Debug|Any CPU.Build.0 = Debug|Any CPU
		{abe0de51-bc05-7090-25b5-4a9a9640a37e}.Debug|Any CPU.ActiveCfg = Debug|Any CPU
		{abe0de51-bc05-7090-25b5-4a9a9640a37e}.Debug|Any CPU.Build.0 = Debug|Any CPU
		{6d865057-2668-a29e-0bd4-9aaecb78d8ed}.Debug|Any CPU.ActiveCfg = Debug|Any CPU
		{6d865057-2668-a29e-0bd4-9aaecb78d8ed}.Debug|Any CPU.Build.0 = Debug|Any CPU
		{aa17bf9e-c847-9728-e0ee-5fa5474b547e}.Debug|Any CPU.ActiveCfg = Debug|Any CPU
		{aa17bf9e-c847-9728-e0ee-5fa5474b547e}.Debug|Any CPU.Build.0 = Debug|Any CPU
		{06d1e290-96aa-6186-d576-76e6b817fbe1}.Debug|Any CPU.ActiveCfg = Debug|Any CPU
		{06d1e290-96aa-6186-d576-76e6b817fbe1}.Debug|Any CPU.Build.0 = Debug|Any CPU
		{fad77ebd-c8b7-1b2a-33ed-6d4dd02e5d0d}.Debug|Any CPU.ActiveCfg = Debug|Any CPU
		{fad77ebd-c8b7-1b2a-33ed-6d4dd02e5d0d}.Debug|Any CPU.Build.0 = Debug|Any CPU
		{2ef9f41f-bfa6-dec4-26e7-e0a260ebff03}.Debug|Any CPU.ActiveCfg = Debug|Any CPU
		{2ef9f41f-bfa6-dec4-26e7-e0a260ebff03}.Debug|Any CPU.Build.0 = Debug|Any CPU
		{67ea8cac-77db-1252-78b8-8f2e1302b169}.Debug|Any CPU.ActiveCfg = Debug|Any CPU
		{67ea8cac-77db-1252-78b8-8f2e1302b169}.Debug|Any CPU.Build.0 = Debug|Any CPU
		{9b6c498e-28d7-89ab-91b9-afbac24b505c}.Debug|Any CPU.ActiveCfg = Debug|Any CPU
		{9b6c498e-28d7-89ab-91b9-afbac24b505c}.Debug|Any CPU.Build.0 = Debug|Any CPU
		{9e22bf17-f9fc-2958-4a5a-a9b1b203eddc}.Debug|Any CPU.ActiveCfg = Debug|Any CPU
		{9e22bf17-f9fc-2958-4a5a-a9b1b203eddc}.Debug|Any CPU.Build.0 = Debug|Any CPU
		{5ecb8cad-b8fb-7b63-043a-a4a15956095b}.Debug|Any CPU.ActiveCfg = Debug|Any CPU
		{5ecb8cad-b8fb-7b63-043a-a4a15956095b}.Debug|Any CPU.Build.0 = Debug|Any CPU
		{151584c8-9055-c278-a702-73cbc1b66794}.Debug|Any CPU.ActiveCfg = Debug|Any CPU
		{151584c8-9055-c278-a702-73cbc1b66794}.Debug|Any CPU.Build.0 = Debug|Any CPU
		{002b104d-0b38-57f3-c09f-d522d2cb0252}.Debug|Any CPU.ActiveCfg = Debug|Any CPU
		{002b104d-0b38-57f3-c09f-d522d2cb0252}.Debug|Any CPU.Build.0 = Debug|Any CPU
		{4ffc8494-96dd-85b0-a456-2bb4df4be402}.Debug|Any CPU.ActiveCfg = Debug|Any CPU
		{4ffc8494-96dd-85b0-a456-2bb4df4be402}.Debug|Any CPU.Build.0 = Debug|Any CPU
		{e40261b5-437f-3f77-b349-2c75ad6fccfc}.Debug|Any CPU.ActiveCfg = Debug|Any CPU
		{e40261b5-437f-3f77-b349-2c75ad6fccfc}.Debug|Any CPU.Build.0 = Debug|Any CPU
		{67e305c9-d004-caa7-4197-2a3786c7f827}.Debug|Any CPU.ActiveCfg = Debug|Any CPU
		{67e305c9-d004-caa7-4197-2a3786c7f827}.Debug|Any CPU.Build.0 = Debug|Any CPU
		{57b0f7ba-45c0-c24d-102e-e808285c51a1}.Debug|Any CPU.ActiveCfg = Debug|Any CPU
		{57b0f7ba-45c0-c24d-102e-e808285c51a1}.Debug|Any CPU.Build.0 = Debug|Any CPU
		{ebdd499b-8157-21cf-46dc-e9ea4468a7a2}.Debug|Any CPU.ActiveCfg = Debug|Any CPU
		{ebdd499b-8157-21cf-46dc-e9ea4468a7a2}.Debug|Any CPU.Build.0 = Debug|Any CPU
		{cf3bb74f-ee79-a022-8550-8aa9561421bc}.Debug|Any CPU.ActiveCfg = Debug|Any CPU
		{cf3bb74f-ee79-a022-8550-8aa9561421bc}.Debug|Any CPU.Build.0 = Debug|Any CPU
		{e7ac3c3e-5bc9-6712-dab8-75146be38b8a}.Debug|Any CPU.ActiveCfg = Debug|Any CPU
		{e7ac3c3e-5bc9-6712-dab8-75146be38b8a}.Debug|Any CPU.Build.0 = Debug|Any CPU
		{7b0284d2-c763-0279-4dfc-94521b4da4c4}.Debug|Any CPU.ActiveCfg = Debug|Any CPU
		{7b0284d2-c763-0279-4dfc-94521b4da4c4}.Debug|Any CPU.Build.0 = Debug|Any CPU
		{febc9e99-5504-f68a-189f-921b1ea52e97}.Debug|Any CPU.ActiveCfg = Debug|Any CPU
		{febc9e99-5504-f68a-189f-921b1ea52e97}.Debug|Any CPU.Build.0 = Debug|Any CPU
		{986fe754-0023-5365-8229-fc2538c9d783}.Debug|Any CPU.ActiveCfg = Debug|Any CPU
		{986fe754-0023-5365-8229-fc2538c9d783}.Debug|Any CPU.Build.0 = Debug|Any CPU
		{dd3c3d5e-862e-0f8d-21d5-ca7185685a5c}.Debug|Any CPU.ActiveCfg = Debug|Any CPU
		{dd3c3d5e-862e-0f8d-21d5-ca7185685a5c}.Debug|Any CPU.Build.0 = Debug|Any CPU
		{e6181371-7b6b-f707-9cfd-672df1d72ef9}.Debug|Any CPU.ActiveCfg = Debug|Any CPU
		{e6181371-7b6b-f707-9cfd-672df1d72ef9}.Debug|Any CPU.Build.0 = Debug|Any CPU
		{82bbcade-aac9-d43f-f16e-c092f2f5ab72}.Debug|Any CPU.ActiveCfg = Debug|Any CPU
		{82bbcade-aac9-d43f-f16e-c092f2f5ab72}.Debug|Any CPU.Build.0 = Debug|Any CPU
		{358abdf2-eecf-e3ae-c53c-2f5a0c22aa85}.Debug|Any CPU.ActiveCfg = Debug|Any CPU
		{358abdf2-eecf-e3ae-c53c-2f5a0c22aa85}.Debug|Any CPU.Build.0 = Debug|Any CPU
		{86acab96-b172-2e7f-4c81-a03a20da9148}.Debug|Any CPU.ActiveCfg = Debug|Any CPU
		{86acab96-b172-2e7f-4c81-a03a20da9148}.Debug|Any CPU.Build.0 = Debug|Any CPU
	EndGlobalSection
	GlobalSection(SolutionProperties) = preSolution
		HideSolutionNode = FALSE
	EndGlobalSection
EndGlobal
